
Microsoft Visual Studio Solution File, Format Version 12.00
# Visual Studio Version 17
VisualStudioVersion = 17.3.32811.315
MinimumVisualStudioVersion = 10.0.40219.1
Project("{FAE04EC0-301F-11D3-BF4B-00C04F79EFBC}") = "CnEjercisio1", "CnEjercisio1\CnEjercisio1.csproj", "{756BCB04-B13F-489E-9F47-DCC72F36AF06}"
EndProject
Global
	GlobalSection(SolutionConfigurationPlatforms) = preSolution
		Debug|Any CPU = Debug|Any CPU
		Release|Any CPU = Release|Any CPU
	EndGlobalSection
	GlobalSection(ProjectConfigurationPlatforms) = postSolution
		{756BCB04-B13F-489E-9F47-DCC72F36AF06}.Debug|Any CPU.ActiveCfg = Debug|Any CPU
		{756BCB04-B13F-489E-9F47-DCC72F36AF06}.Debug|Any CPU.Build.0 = Debug|Any CPU
		{756BCB04-B13F-489E-9F47-DCC72F36AF06}.Release|Any CPU.ActiveCfg = Release|Any CPU
		{756BCB04-B13F-489E-9F47-DCC72F36AF06}.Release|Any CPU.Build.0 = Release|Any CPU
	EndGlobalSection
	GlobalSection(SolutionProperties) = preSolution
		HideSolutionNode = FALSE
	EndGlobalSection
	GlobalSection(ExtensibilityGlobals) = postSolution
		SolutionGuid = {681AD9EB-78B7-4956-8F3C-ABBBBA7821F1}
	EndGlobalSection
EndGlobal
